// !$*UTF8*$!
{
	archiveVersion = 1;
	classes = {
	};
	objectVersion = 52;
	objects = {

/* Begin PBXBuildFile section */
		BC0699BF2467816900258131 /* EditPasserItemView.swift in Sources */ = {isa = PBXBuildFile; fileRef = BC0699BE2467816900258131 /* EditPasserItemView.swift */; };
		BC0D5937241A395800DAF9BD /* SixdigitCode.swift in Sources */ = {isa = PBXBuildFile; fileRef = BC0D5936241A395800DAF9BD /* SixdigitCode.swift */; };
		BC15CF4525FED42E002250D9 /* LoginerFinalView.swift in Sources */ = {isa = PBXBuildFile; fileRef = BC15CF4425FED42E002250D9 /* LoginerFinalView.swift */; };
		BC15CF4925FED4C5002250D9 /* OutsiderFinalView.swift in Sources */ = {isa = PBXBuildFile; fileRef = BC15CF4825FED4C5002250D9 /* OutsiderFinalView.swift */; };
		BC15CF5425FEE234002250D9 /* UserSettings.swift in Sources */ = {isa = PBXBuildFile; fileRef = BC15CF5325FEE234002250D9 /* UserSettings.swift */; };
		BC1B2C01244E713C000154C5 /* AddPasserItemView.swift in Sources */ = {isa = PBXBuildFile; fileRef = BC1B2C00244E713C000154C5 /* AddPasserItemView.swift */; };
		BC1B2C03244E73B7000154C5 /* AppView.swift in Sources */ = {isa = PBXBuildFile; fileRef = BC1B2C02244E73B7000154C5 /* AppView.swift */; };
		BC1B2C05244E73F9000154C5 /* SettingsView.swift in Sources */ = {isa = PBXBuildFile; fileRef = BC1B2C04244E73F9000154C5 /* SettingsView.swift */; };
		BC49515025F562EC0006C173 /* AddPasserIdentityView.swift in Sources */ = {isa = PBXBuildFile; fileRef = BC49514F25F562EC0006C173 /* AddPasserIdentityView.swift */; };
		BC49515425F5658A0006C173 /* Identity.swift in Sources */ = {isa = PBXBuildFile; fileRef = BC49515325F5658A0006C173 /* Identity.swift */; };
		BC49515825F56A5A0006C173 /* IdentityJson.swift in Sources */ = {isa = PBXBuildFile; fileRef = BC49515725F56A5A0006C173 /* IdentityJson.swift */; };
		BC56FA6424589855007B02EE /* EmptyVault.swift in Sources */ = {isa = PBXBuildFile; fileRef = BC56FA6324589855007B02EE /* EmptyVault.swift */; };
		BC6EA52524742EEF00AC543C /* CodeScanner in Frameworks */ = {isa = PBXBuildFile; productRef = BC6EA52424742EEF00AC543C /* CodeScanner */; };
		BC6EA52724742FE200AC543C /* QRScannerView.swift in Sources */ = {isa = PBXBuildFile; fileRef = BC6EA52624742FE200AC543C /* QRScannerView.swift */; };
		BC808AF22433F61400EF8EB5 /* Networking.swift in Sources */ = {isa = PBXBuildFile; fileRef = BC808AF12433F61400EF8EB5 /* Networking.swift */; };
		BC87223E25F5EF2C00BE8480 /* IdentityDetails.swift in Sources */ = {isa = PBXBuildFile; fileRef = BC87223D25F5EF2C00BE8480 /* IdentityDetails.swift */; };
		BC8A781C240FC8FB004077A8 /* AppDelegate.swift in Sources */ = {isa = PBXBuildFile; fileRef = BC8A781B240FC8FB004077A8 /* AppDelegate.swift */; };
		BC8A781E240FC8FB004077A8 /* SceneDelegate.swift in Sources */ = {isa = PBXBuildFile; fileRef = BC8A781D240FC8FB004077A8 /* SceneDelegate.swift */; };
		BC8A7820240FC8FB004077A8 /* ContentView.swift in Sources */ = {isa = PBXBuildFile; fileRef = BC8A781F240FC8FB004077A8 /* ContentView.swift */; };
		BC8A7822240FC8FD004077A8 /* Assets.xcassets in Resources */ = {isa = PBXBuildFile; fileRef = BC8A7821240FC8FD004077A8 /* Assets.xcassets */; };
		BC8A7830240FCA5E004077A8 /* PasserItem.swift in Sources */ = {isa = PBXBuildFile; fileRef = BC8A782F240FCA5E004077A8 /* PasserItem.swift */; };
		BC8A783A240FD2ED004077A8 /* main.swift in Sources */ = {isa = PBXBuildFile; fileRef = BC8A7839240FD2ED004077A8 /* main.swift */; };
		BC8A783F240FE11D004077A8 /* Vault.swift in Sources */ = {isa = PBXBuildFile; fileRef = BC8A783E240FE11D004077A8 /* Vault.swift */; };
		BCB1C6F325F6039D0006394C /* IdentityClaimsChooserView.swift in Sources */ = {isa = PBXBuildFile; fileRef = BCB1C6F225F6039D0006394C /* IdentityClaimsChooserView.swift */; };
		BCB4F63F243C9F0D00174E7E /* ButtonUI.swift in Sources */ = {isa = PBXBuildFile; fileRef = BCB4F63E243C9F0D00174E7E /* ButtonUI.swift */; };
		BCB6F4A8242CF2C9007E84EF /* httppost.swift in Sources */ = {isa = PBXBuildFile; fileRef = BCB6F4A7242CF2C9007E84EF /* httppost.swift */; };
		BCB6F4AA242CF4AB007E84EF /* crypto.swift in Sources */ = {isa = PBXBuildFile; fileRef = BCB6F4A9242CF4AB007E84EF /* crypto.swift */; };
		BCBEBF34245EE5F40071B20C /* OutsiderFirstView.swift in Sources */ = {isa = PBXBuildFile; fileRef = BCBEBF33245EE5F40071B20C /* OutsiderFirstView.swift */; };
		BCC52BC2245DC9CF004FCD52 /* PasserItemCell.swift in Sources */ = {isa = PBXBuildFile; fileRef = BCC52BC1245DC9CF004FCD52 /* PasserItemCell.swift */; };
		BCC7514C243E2EFA00D3F099 /* OutsiderView.swift in Sources */ = {isa = PBXBuildFile; fileRef = BCC7514B243E2EFA00D3F099 /* OutsiderView.swift */; };
		BCC75150243F929200D3F099 /* OptionSixdigit.swift in Sources */ = {isa = PBXBuildFile; fileRef = BCC7514F243F929200D3F099 /* OptionSixdigit.swift */; };
		BCC75152243F93AC00D3F099 /* OptionQR.swift in Sources */ = {isa = PBXBuildFile; fileRef = BCC75151243F93AC00D3F099 /* OptionQR.swift */; };
		BCC7515A24400D4C00D3F099 /* CodeCountdownView.swift in Sources */ = {isa = PBXBuildFile; fileRef = BCC7515924400D4C00D3F099 /* CodeCountdownView.swift */; };
		BCC7515C24401B9500D3F099 /* TimeDelta.swift in Sources */ = {isa = PBXBuildFile; fileRef = BCC7515B24401B9500D3F099 /* TimeDelta.swift */; };
		BCE956CF245CE68D00F91B54 /* GroupsSelector.swift in Sources */ = {isa = PBXBuildFile; fileRef = BCE956CE245CE68D00F91B54 /* GroupsSelector.swift */; };
		BCF351FE244A631500E7A03F /* InternetConnectivity.swift in Sources */ = {isa = PBXBuildFile; fileRef = BCF351FD244A631500E7A03F /* InternetConnectivity.swift */; };
		BCF4FE4C245E35760054489F /* TestView.swift in Sources */ = {isa = PBXBuildFile; fileRef = BCF4FE4B245E35760054489F /* TestView.swift */; };
		BCFE11F625F505A700F7EBF3 /* IdentityView.swift in Sources */ = {isa = PBXBuildFile; fileRef = BCFE11F525F505A700F7EBF3 /* IdentityView.swift */; };
/* End PBXBuildFile section */

/* Begin PBXCopyFilesBuildPhase section */
		BC8A7835240FD2ED004077A8 /* CopyFiles */ = {
			isa = PBXCopyFilesBuildPhase;
			buildActionMask = 2147483647;
			dstPath = /usr/share/man/man1/;
			dstSubfolderSpec = 0;
			files = (
			);
			runOnlyForDeploymentPostprocessing = 1;
		};
/* End PBXCopyFilesBuildPhase section */

/* Begin PBXFileReference section */
		BC0699BE2467816900258131 /* EditPasserItemView.swift */ = {isa = PBXFileReference; lastKnownFileType = sourcecode.swift; path = EditPasserItemView.swift; sourceTree = "<group>"; };
		BC0D5936241A395800DAF9BD /* SixdigitCode.swift */ = {isa = PBXFileReference; lastKnownFileType = sourcecode.swift; path = SixdigitCode.swift; sourceTree = "<group>"; };
		BC15CF4425FED42E002250D9 /* LoginerFinalView.swift */ = {isa = PBXFileReference; lastKnownFileType = sourcecode.swift; path = LoginerFinalView.swift; sourceTree = "<group>"; };
		BC15CF4825FED4C5002250D9 /* OutsiderFinalView.swift */ = {isa = PBXFileReference; lastKnownFileType = sourcecode.swift; path = OutsiderFinalView.swift; sourceTree = "<group>"; };
		BC15CF5325FEE234002250D9 /* UserSettings.swift */ = {isa = PBXFileReference; lastKnownFileType = sourcecode.swift; path = UserSettings.swift; sourceTree = "<group>"; };
		BC1B2C00244E713C000154C5 /* AddPasserItemView.swift */ = {isa = PBXFileReference; lastKnownFileType = sourcecode.swift; path = AddPasserItemView.swift; sourceTree = "<group>"; };
		BC1B2C02244E73B7000154C5 /* AppView.swift */ = {isa = PBXFileReference; lastKnownFileType = sourcecode.swift; path = AppView.swift; sourceTree = "<group>"; };
		BC1B2C04244E73F9000154C5 /* SettingsView.swift */ = {isa = PBXFileReference; lastKnownFileType = sourcecode.swift; path = SettingsView.swift; sourceTree = "<group>"; };
		BC49514F25F562EC0006C173 /* AddPasserIdentityView.swift */ = {isa = PBXFileReference; lastKnownFileType = sourcecode.swift; path = AddPasserIdentityView.swift; sourceTree = "<group>"; };
		BC49515325F5658A0006C173 /* Identity.swift */ = {isa = PBXFileReference; lastKnownFileType = sourcecode.swift; path = Identity.swift; sourceTree = "<group>"; };
		BC49515725F56A5A0006C173 /* IdentityJson.swift */ = {isa = PBXFileReference; lastKnownFileType = sourcecode.swift; path = IdentityJson.swift; sourceTree = "<group>"; };
		BC56FA6324589855007B02EE /* EmptyVault.swift */ = {isa = PBXFileReference; lastKnownFileType = sourcecode.swift; path = EmptyVault.swift; sourceTree = "<group>"; };
		BC6EA52624742FE200AC543C /* QRScannerView.swift */ = {isa = PBXFileReference; lastKnownFileType = sourcecode.swift; path = QRScannerView.swift; sourceTree = "<group>"; };
		BC808AF12433F61400EF8EB5 /* Networking.swift */ = {isa = PBXFileReference; lastKnownFileType = sourcecode.swift; path = Networking.swift; sourceTree = "<group>"; };
		BC87223D25F5EF2C00BE8480 /* IdentityDetails.swift */ = {isa = PBXFileReference; lastKnownFileType = sourcecode.swift; path = IdentityDetails.swift; sourceTree = "<group>"; };
		BC8A7818240FC8FB004077A8 /* Passer.app */ = {isa = PBXFileReference; explicitFileType = wrapper.application; includeInIndex = 0; path = Passer.app; sourceTree = BUILT_PRODUCTS_DIR; };
		BC8A781B240FC8FB004077A8 /* AppDelegate.swift */ = {isa = PBXFileReference; lastKnownFileType = sourcecode.swift; path = AppDelegate.swift; sourceTree = "<group>"; };
		BC8A781D240FC8FB004077A8 /* SceneDelegate.swift */ = {isa = PBXFileReference; lastKnownFileType = sourcecode.swift; path = SceneDelegate.swift; sourceTree = "<group>"; };
		BC8A781F240FC8FB004077A8 /* ContentView.swift */ = {isa = PBXFileReference; lastKnownFileType = sourcecode.swift; path = ContentView.swift; sourceTree = "<group>"; };
		BC8A7821240FC8FD004077A8 /* Assets.xcassets */ = {isa = PBXFileReference; lastKnownFileType = folder.assetcatalog; path = Assets.xcassets; sourceTree = "<group>"; };
		BC8A7829240FC8FD004077A8 /* Info.plist */ = {isa = PBXFileReference; lastKnownFileType = text.plist.xml; path = Info.plist; sourceTree = "<group>"; };
		BC8A782F240FCA5E004077A8 /* PasserItem.swift */ = {isa = PBXFileReference; lastKnownFileType = sourcecode.swift; path = PasserItem.swift; sourceTree = "<group>"; };
		BC8A7837240FD2ED004077A8 /* test */ = {isa = PBXFileReference; explicitFileType = "compiled.mach-o.executable"; includeInIndex = 0; path = test; sourceTree = BUILT_PRODUCTS_DIR; };
		BC8A7839240FD2ED004077A8 /* main.swift */ = {isa = PBXFileReference; lastKnownFileType = sourcecode.swift; path = main.swift; sourceTree = "<group>"; };
		BC8A783E240FE11D004077A8 /* Vault.swift */ = {isa = PBXFileReference; lastKnownFileType = sourcecode.swift; path = Vault.swift; sourceTree = "<group>"; };
		BCB1C6F225F6039D0006394C /* IdentityClaimsChooserView.swift */ = {isa = PBXFileReference; lastKnownFileType = sourcecode.swift; path = IdentityClaimsChooserView.swift; sourceTree = "<group>"; };
		BCB4F63E243C9F0D00174E7E /* ButtonUI.swift */ = {isa = PBXFileReference; lastKnownFileType = sourcecode.swift; path = ButtonUI.swift; sourceTree = "<group>"; };
		BCB6F4A7242CF2C9007E84EF /* httppost.swift */ = {isa = PBXFileReference; lastKnownFileType = sourcecode.swift; path = httppost.swift; sourceTree = "<group>"; };
		BCB6F4A9242CF4AB007E84EF /* crypto.swift */ = {isa = PBXFileReference; lastKnownFileType = sourcecode.swift; path = crypto.swift; sourceTree = "<group>"; };
		BCBEBF33245EE5F40071B20C /* OutsiderFirstView.swift */ = {isa = PBXFileReference; lastKnownFileType = sourcecode.swift; path = OutsiderFirstView.swift; sourceTree = "<group>"; };
		BCC52BC1245DC9CF004FCD52 /* PasserItemCell.swift */ = {isa = PBXFileReference; lastKnownFileType = sourcecode.swift; path = PasserItemCell.swift; sourceTree = "<group>"; };
		BCC7514B243E2EFA00D3F099 /* OutsiderView.swift */ = {isa = PBXFileReference; lastKnownFileType = sourcecode.swift; path = OutsiderView.swift; sourceTree = "<group>"; };
		BCC7514F243F929200D3F099 /* OptionSixdigit.swift */ = {isa = PBXFileReference; lastKnownFileType = sourcecode.swift; path = OptionSixdigit.swift; sourceTree = "<group>"; };
		BCC75151243F93AC00D3F099 /* OptionQR.swift */ = {isa = PBXFileReference; lastKnownFileType = sourcecode.swift; path = OptionQR.swift; sourceTree = "<group>"; };
		BCC7515924400D4C00D3F099 /* CodeCountdownView.swift */ = {isa = PBXFileReference; lastKnownFileType = sourcecode.swift; path = CodeCountdownView.swift; sourceTree = "<group>"; };
		BCC7515B24401B9500D3F099 /* TimeDelta.swift */ = {isa = PBXFileReference; lastKnownFileType = sourcecode.swift; path = TimeDelta.swift; sourceTree = "<group>"; };
		BCE956CE245CE68D00F91B54 /* GroupsSelector.swift */ = {isa = PBXFileReference; lastKnownFileType = sourcecode.swift; path = GroupsSelector.swift; sourceTree = "<group>"; };
		BCF351FD244A631500E7A03F /* InternetConnectivity.swift */ = {isa = PBXFileReference; lastKnownFileType = sourcecode.swift; path = InternetConnectivity.swift; sourceTree = "<group>"; };
		BCF4FE4B245E35760054489F /* TestView.swift */ = {isa = PBXFileReference; lastKnownFileType = sourcecode.swift; path = TestView.swift; sourceTree = "<group>"; };
		BCFE11F525F505A700F7EBF3 /* IdentityView.swift */ = {isa = PBXFileReference; lastKnownFileType = sourcecode.swift; path = IdentityView.swift; sourceTree = "<group>"; };
/* End PBXFileReference section */

/* Begin PBXFrameworksBuildPhase section */
		BC8A7815240FC8FB004077A8 /* Frameworks */ = {
			isa = PBXFrameworksBuildPhase;
			buildActionMask = 2147483647;
			files = (
				BC6EA52524742EEF00AC543C /* CodeScanner in Frameworks */,
			);
			runOnlyForDeploymentPostprocessing = 0;
		};
		BC8A7834240FD2ED004077A8 /* Frameworks */ = {
			isa = PBXFrameworksBuildPhase;
			buildActionMask = 2147483647;
			files = (
			);
			runOnlyForDeploymentPostprocessing = 0;
		};
/* End PBXFrameworksBuildPhase section */

/* Begin PBXGroup section */
		BC15CF4C25FED4CE002250D9 /* Outsider */ = {
			isa = PBXGroup;
			children = (
				BCC7514B243E2EFA00D3F099 /* OutsiderView.swift */,
				BCBEBF33245EE5F40071B20C /* OutsiderFirstView.swift */,
				BC15CF4825FED4C5002250D9 /* OutsiderFinalView.swift */,
			);
			path = Outsider;
			sourceTree = "<group>";
		};
		BC15CF4D25FED4D3002250D9 /* Loginer */ = {
			isa = PBXGroup;
			children = (
				BCB1C6F225F6039D0006394C /* IdentityClaimsChooserView.swift */,
				BC15CF4425FED42E002250D9 /* LoginerFinalView.swift */,
			);
			path = Loginer;
			sourceTree = "<group>";
		};
		BC15CF4E25FED4F3002250D9 /* Tabs */ = {
			isa = PBXGroup;
			children = (
				BC1B2C02244E73B7000154C5 /* AppView.swift */,
				BC8A781F240FC8FB004077A8 /* ContentView.swift */,
				BC1B2C04244E73F9000154C5 /* SettingsView.swift */,
				BCFE11F525F505A700F7EBF3 /* IdentityView.swift */,
			);
			path = Tabs;
			sourceTree = "<group>";
		};
		BC8A780F240FC8FB004077A8 = {
			isa = PBXGroup;
			children = (
				BC8A781A240FC8FB004077A8 /* Passer */,
				BC8A7838240FD2ED004077A8 /* test */,
				BC8A7819240FC8FB004077A8 /* Products */,
			);
			sourceTree = "<group>";
		};
		BC8A7819240FC8FB004077A8 /* Products */ = {
			isa = PBXGroup;
			children = (
				BC8A7818240FC8FB004077A8 /* Passer.app */,
				BC8A7837240FD2ED004077A8 /* test */,
			);
			name = Products;
			sourceTree = "<group>";
		};
		BC8A781A240FC8FB004077A8 /* Passer */ = {
			isa = PBXGroup;
			children = (
				BCF53404248088D300BE777D /* Preview Content */,
				BCEED3A6244A615200E6C0A3 /* App structure */,
				BCEED3A5244A612D00E6C0A3 /* User Interface */,
				BC8A781B240FC8FB004077A8 /* AppDelegate.swift */,
				BC8A781D240FC8FB004077A8 /* SceneDelegate.swift */,
				BC8A7829240FC8FD004077A8 /* Info.plist */,
			);
			path = Passer;
			sourceTree = "<group>";
		};
		BC8A7838240FD2ED004077A8 /* test */ = {
			isa = PBXGroup;
			children = (
				BC8A7839240FD2ED004077A8 /* main.swift */,
				BCB6F4A9242CF4AB007E84EF /* crypto.swift */,
				BCB6F4A7242CF2C9007E84EF /* httppost.swift */,
			);
			path = test;
			sourceTree = "<group>";
		};
		BCB4F63D243C9D9B00174E7E /* Supporting Views */ = {
			isa = PBXGroup;
			children = (
				BCB4F63E243C9F0D00174E7E /* ButtonUI.swift */,
				BCC75151243F93AC00D3F099 /* OptionQR.swift */,
				BCC7514F243F929200D3F099 /* OptionSixdigit.swift */,
				BCC7515924400D4C00D3F099 /* CodeCountdownView.swift */,
				BC56FA6324589855007B02EE /* EmptyVault.swift */,
				BCE956CE245CE68D00F91B54 /* GroupsSelector.swift */,
				BCC52BC1245DC9CF004FCD52 /* PasserItemCell.swift */,
				BCF4FE4B245E35760054489F /* TestView.swift */,
				BC6EA52624742FE200AC543C /* QRScannerView.swift */,
			);
			path = "Supporting Views";
			sourceTree = "<group>";
		};
		BCEED3A5244A612D00E6C0A3 /* User Interface */ = {
			isa = PBXGroup;
			children = (
				BC15CF4E25FED4F3002250D9 /* Tabs */,
				BC15CF4D25FED4D3002250D9 /* Loginer */,
				BC15CF4C25FED4CE002250D9 /* Outsider */,
				BCB4F63D243C9D9B00174E7E /* Supporting Views */,
				BC1B2C00244E713C000154C5 /* AddPasserItemView.swift */,
				BC0699BE2467816900258131 /* EditPasserItemView.swift */,
				BC49514F25F562EC0006C173 /* AddPasserIdentityView.swift */,
				BC87223D25F5EF2C00BE8480 /* IdentityDetails.swift */,
			);
			path = "User Interface";
			sourceTree = "<group>";
		};
		BCEED3A6244A615200E6C0A3 /* App structure */ = {
			isa = PBXGroup;
			children = (
				BC0D5936241A395800DAF9BD /* SixdigitCode.swift */,
				BCC7515B24401B9500D3F099 /* TimeDelta.swift */,
				BC8A783E240FE11D004077A8 /* Vault.swift */,
				BC49515325F5658A0006C173 /* Identity.swift */,
				BC808AF12433F61400EF8EB5 /* Networking.swift */,
				BC8A782F240FCA5E004077A8 /* PasserItem.swift */,
				BCF351FD244A631500E7A03F /* InternetConnectivity.swift */,
				BC49515725F56A5A0006C173 /* IdentityJson.swift */,
				BC15CF5325FEE234002250D9 /* UserSettings.swift */,
			);
			path = "App structure";
			sourceTree = "<group>";
		};
		BCF53404248088D300BE777D /* Preview Content */ = {
			isa = PBXGroup;
			children = (
				BC8A7821240FC8FD004077A8 /* Assets.xcassets */,
			);
			path = "Preview Content";
			sourceTree = "<group>";
		};
/* End PBXGroup section */

/* Begin PBXNativeTarget section */
		BC8A7817240FC8FB004077A8 /* Passer */ = {
			isa = PBXNativeTarget;
			buildConfigurationList = BC8A782C240FC8FD004077A8 /* Build configuration list for PBXNativeTarget "Passer" */;
			buildPhases = (
				BC8A7814240FC8FB004077A8 /* Sources */,
				BC8A7815240FC8FB004077A8 /* Frameworks */,
				BC8A7816240FC8FB004077A8 /* Resources */,
			);
			buildRules = (
			);
			dependencies = (
			);
			name = Passer;
			packageProductDependencies = (
				BC6EA52424742EEF00AC543C /* CodeScanner */,
			);
			productName = Passer;
			productReference = BC8A7818240FC8FB004077A8 /* Passer.app */;
			productType = "com.apple.product-type.application";
		};
		BC8A7836240FD2ED004077A8 /* test */ = {
			isa = PBXNativeTarget;
			buildConfigurationList = BC8A783B240FD2ED004077A8 /* Build configuration list for PBXNativeTarget "test" */;
			buildPhases = (
				BC8A7833240FD2ED004077A8 /* Sources */,
				BC8A7834240FD2ED004077A8 /* Frameworks */,
				BC8A7835240FD2ED004077A8 /* CopyFiles */,
			);
			buildRules = (
			);
			dependencies = (
			);
			name = test;
			productName = test;
			productReference = BC8A7837240FD2ED004077A8 /* test */;
			productType = "com.apple.product-type.tool";
		};
/* End PBXNativeTarget section */

/* Begin PBXProject section */
		BC8A7810240FC8FB004077A8 /* Project object */ = {
			isa = PBXProject;
			attributes = {
				LastSwiftUpdateCheck = 1130;
				LastUpgradeCheck = 1240;
				ORGANIZATIONNAME = "Peter Čuřík Jr.";
				TargetAttributes = {
					BC8A7817240FC8FB004077A8 = {
						CreatedOnToolsVersion = 11.3.1;
					};
					BC8A7836240FD2ED004077A8 = {
						CreatedOnToolsVersion = 11.3.1;
					};
				};
			};
			buildConfigurationList = BC8A7813240FC8FB004077A8 /* Build configuration list for PBXProject "Passer" */;
			compatibilityVersion = "Xcode 9.3";
			developmentRegion = en;
			hasScannedForEncodings = 0;
			knownRegions = (
				en,
				Base,
			);
			mainGroup = BC8A780F240FC8FB004077A8;
			packageReferences = (
				BC6EA52324742EEF00AC543C /* XCRemoteSwiftPackageReference "CodeScanner" */,
			);
			productRefGroup = BC8A7819240FC8FB004077A8 /* Products */;
			projectDirPath = "";
			projectRoot = "";
			targets = (
				BC8A7817240FC8FB004077A8 /* Passer */,
				BC8A7836240FD2ED004077A8 /* test */,
			);
		};
/* End PBXProject section */

/* Begin PBXResourcesBuildPhase section */
		BC8A7816240FC8FB004077A8 /* Resources */ = {
			isa = PBXResourcesBuildPhase;
			buildActionMask = 2147483647;
			files = (
				BC8A7822240FC8FD004077A8 /* Assets.xcassets in Resources */,
			);
			runOnlyForDeploymentPostprocessing = 0;
		};
/* End PBXResourcesBuildPhase section */

/* Begin PBXSourcesBuildPhase section */
		BC8A7814240FC8FB004077A8 /* Sources */ = {
			isa = PBXSourcesBuildPhase;
			buildActionMask = 2147483647;
			files = (
				BCF4FE4C245E35760054489F /* TestView.swift in Sources */,
				BC49515825F56A5A0006C173 /* IdentityJson.swift in Sources */,
				BC8A7830240FCA5E004077A8 /* PasserItem.swift in Sources */,
				BC0D5937241A395800DAF9BD /* SixdigitCode.swift in Sources */,
				BC8A781C240FC8FB004077A8 /* AppDelegate.swift in Sources */,
				BCB4F63F243C9F0D00174E7E /* ButtonUI.swift in Sources */,
				BC15CF4925FED4C5002250D9 /* OutsiderFinalView.swift in Sources */,
				BC15CF4525FED42E002250D9 /* LoginerFinalView.swift in Sources */,
				BC56FA6424589855007B02EE /* EmptyVault.swift in Sources */,
				BC1B2C03244E73B7000154C5 /* AppView.swift in Sources */,
				BC15CF5425FEE234002250D9 /* UserSettings.swift in Sources */,
				BC1B2C05244E73F9000154C5 /* SettingsView.swift in Sources */,
				BCC7515C24401B9500D3F099 /* TimeDelta.swift in Sources */,
				BC1B2C01244E713C000154C5 /* AddPasserItemView.swift in Sources */,
				BC49515425F5658A0006C173 /* Identity.swift in Sources */,
				BC8A781E240FC8FB004077A8 /* SceneDelegate.swift in Sources */,
				BCC7515A24400D4C00D3F099 /* CodeCountdownView.swift in Sources */,
				BCC75150243F929200D3F099 /* OptionSixdigit.swift in Sources */,
				BCE956CF245CE68D00F91B54 /* GroupsSelector.swift in Sources */,
				BC8A7820240FC8FB004077A8 /* ContentView.swift in Sources */,
				BC8A783F240FE11D004077A8 /* Vault.swift in Sources */,
				BC87223E25F5EF2C00BE8480 /* IdentityDetails.swift in Sources */,
				BCFE11F625F505A700F7EBF3 /* IdentityView.swift in Sources */,
				BCF351FE244A631500E7A03F /* InternetConnectivity.swift in Sources */,
				BCC75152243F93AC00D3F099 /* OptionQR.swift in Sources */,
				BCC7514C243E2EFA00D3F099 /* OutsiderView.swift in Sources */,
				BCB1C6F325F6039D0006394C /* IdentityClaimsChooserView.swift in Sources */,
				BC49515025F562EC0006C173 /* AddPasserIdentityView.swift in Sources */,
				BC808AF22433F61400EF8EB5 /* Networking.swift in Sources */,
				BC0699BF2467816900258131 /* EditPasserItemView.swift in Sources */,
				BCBEBF34245EE5F40071B20C /* OutsiderFirstView.swift in Sources */,
				BC6EA52724742FE200AC543C /* QRScannerView.swift in Sources */,
				BCC52BC2245DC9CF004FCD52 /* PasserItemCell.swift in Sources */,
			);
			runOnlyForDeploymentPostprocessing = 0;
		};
		BC8A7833240FD2ED004077A8 /* Sources */ = {
			isa = PBXSourcesBuildPhase;
			buildActionMask = 2147483647;
			files = (
				BC8A783A240FD2ED004077A8 /* main.swift in Sources */,
				BCB6F4AA242CF4AB007E84EF /* crypto.swift in Sources */,
				BCB6F4A8242CF2C9007E84EF /* httppost.swift in Sources */,
			);
			runOnlyForDeploymentPostprocessing = 0;
		};
/* End PBXSourcesBuildPhase section */

/* Begin XCBuildConfiguration section */
		BC8A782A240FC8FD004077A8 /* Debug */ = {
			isa = XCBuildConfiguration;
			buildSettings = {
				ALWAYS_SEARCH_USER_PATHS = NO;
				CLANG_ANALYZER_NONNULL = YES;
				CLANG_ANALYZER_NUMBER_OBJECT_CONVERSION = YES_AGGRESSIVE;
				CLANG_CXX_LANGUAGE_STANDARD = "gnu++14";
				CLANG_CXX_LIBRARY = "libc++";
				CLANG_ENABLE_MODULES = YES;
				CLANG_ENABLE_OBJC_ARC = YES;
				CLANG_ENABLE_OBJC_WEAK = YES;
				CLANG_WARN_BLOCK_CAPTURE_AUTORELEASING = YES;
				CLANG_WARN_BOOL_CONVERSION = YES;
				CLANG_WARN_COMMA = YES;
				CLANG_WARN_CONSTANT_CONVERSION = YES;
				CLANG_WARN_DEPRECATED_OBJC_IMPLEMENTATIONS = YES;
				CLANG_WARN_DIRECT_OBJC_ISA_USAGE = YES_ERROR;
				CLANG_WARN_DOCUMENTATION_COMMENTS = YES;
				CLANG_WARN_EMPTY_BODY = YES;
				CLANG_WARN_ENUM_CONVERSION = YES;
				CLANG_WARN_INFINITE_RECURSION = YES;
				CLANG_WARN_INT_CONVERSION = YES;
				CLANG_WARN_NON_LITERAL_NULL_CONVERSION = YES;
				CLANG_WARN_OBJC_IMPLICIT_RETAIN_SELF = YES;
				CLANG_WARN_OBJC_LITERAL_CONVERSION = YES;
				CLANG_WARN_OBJC_ROOT_CLASS = YES_ERROR;
				CLANG_WARN_QUOTED_INCLUDE_IN_FRAMEWORK_HEADER = YES;
				CLANG_WARN_RANGE_LOOP_ANALYSIS = YES;
				CLANG_WARN_STRICT_PROTOTYPES = YES;
				CLANG_WARN_SUSPICIOUS_MOVE = YES;
				CLANG_WARN_UNGUARDED_AVAILABILITY = YES_AGGRESSIVE;
				CLANG_WARN_UNREACHABLE_CODE = YES;
				CLANG_WARN__DUPLICATE_METHOD_MATCH = YES;
				COPY_PHASE_STRIP = NO;
				DEBUG_INFORMATION_FORMAT = dwarf;
				ENABLE_STRICT_OBJC_MSGSEND = YES;
				ENABLE_TESTABILITY = YES;
				GCC_C_LANGUAGE_STANDARD = gnu11;
				GCC_DYNAMIC_NO_PIC = NO;
				GCC_NO_COMMON_BLOCKS = YES;
				GCC_OPTIMIZATION_LEVEL = 0;
				GCC_PREPROCESSOR_DEFINITIONS = (
					"DEBUG=1",
					"$(inherited)",
				);
				GCC_WARN_64_TO_32_BIT_CONVERSION = YES;
				GCC_WARN_ABOUT_RETURN_TYPE = YES_ERROR;
				GCC_WARN_UNDECLARED_SELECTOR = YES;
				GCC_WARN_UNINITIALIZED_AUTOS = YES_AGGRESSIVE;
				GCC_WARN_UNUSED_FUNCTION = YES;
				GCC_WARN_UNUSED_VARIABLE = YES;
				IPHONEOS_DEPLOYMENT_TARGET = 13.2;
				MTL_ENABLE_DEBUG_INFO = INCLUDE_SOURCE;
				MTL_FAST_MATH = YES;
				ONLY_ACTIVE_ARCH = YES;
				SDKROOT = iphoneos;
				SWIFT_ACTIVE_COMPILATION_CONDITIONS = DEBUG;
				SWIFT_ENABLE_BATCH_MODE = NO;
				SWIFT_OPTIMIZATION_LEVEL = "-Onone";
			};
			name = Debug;
		};
		BC8A782B240FC8FD004077A8 /* Release */ = {
			isa = XCBuildConfiguration;
			buildSettings = {
				ALWAYS_SEARCH_USER_PATHS = NO;
				CLANG_ANALYZER_NONNULL = YES;
				CLANG_ANALYZER_NUMBER_OBJECT_CONVERSION = YES_AGGRESSIVE;
				CLANG_CXX_LANGUAGE_STANDARD = "gnu++14";
				CLANG_CXX_LIBRARY = "libc++";
				CLANG_ENABLE_MODULES = YES;
				CLANG_ENABLE_OBJC_ARC = YES;
				CLANG_ENABLE_OBJC_WEAK = YES;
				CLANG_WARN_BLOCK_CAPTURE_AUTORELEASING = YES;
				CLANG_WARN_BOOL_CONVERSION = YES;
				CLANG_WARN_COMMA = YES;
				CLANG_WARN_CONSTANT_CONVERSION = YES;
				CLANG_WARN_DEPRECATED_OBJC_IMPLEMENTATIONS = YES;
				CLANG_WARN_DIRECT_OBJC_ISA_USAGE = YES_ERROR;
				CLANG_WARN_DOCUMENTATION_COMMENTS = YES;
				CLANG_WARN_EMPTY_BODY = YES;
				CLANG_WARN_ENUM_CONVERSION = YES;
				CLANG_WARN_INFINITE_RECURSION = YES;
				CLANG_WARN_INT_CONVERSION = YES;
				CLANG_WARN_NON_LITERAL_NULL_CONVERSION = YES;
				CLANG_WARN_OBJC_IMPLICIT_RETAIN_SELF = YES;
				CLANG_WARN_OBJC_LITERAL_CONVERSION = YES;
				CLANG_WARN_OBJC_ROOT_CLASS = YES_ERROR;
				CLANG_WARN_QUOTED_INCLUDE_IN_FRAMEWORK_HEADER = YES;
				CLANG_WARN_RANGE_LOOP_ANALYSIS = YES;
				CLANG_WARN_STRICT_PROTOTYPES = YES;
				CLANG_WARN_SUSPICIOUS_MOVE = YES;
				CLANG_WARN_UNGUARDED_AVAILABILITY = YES_AGGRESSIVE;
				CLANG_WARN_UNREACHABLE_CODE = YES;
				CLANG_WARN__DUPLICATE_METHOD_MATCH = YES;
				COPY_PHASE_STRIP = NO;
				DEBUG_INFORMATION_FORMAT = "dwarf-with-dsym";
				ENABLE_NS_ASSERTIONS = NO;
				ENABLE_STRICT_OBJC_MSGSEND = YES;
				GCC_C_LANGUAGE_STANDARD = gnu11;
				GCC_NO_COMMON_BLOCKS = YES;
				GCC_WARN_64_TO_32_BIT_CONVERSION = YES;
				GCC_WARN_ABOUT_RETURN_TYPE = YES_ERROR;
				GCC_WARN_UNDECLARED_SELECTOR = YES;
				GCC_WARN_UNINITIALIZED_AUTOS = YES_AGGRESSIVE;
				GCC_WARN_UNUSED_FUNCTION = YES;
				GCC_WARN_UNUSED_VARIABLE = YES;
				IPHONEOS_DEPLOYMENT_TARGET = 13.2;
				MTL_ENABLE_DEBUG_INFO = NO;
				MTL_FAST_MATH = YES;
				SDKROOT = iphoneos;
				SWIFT_COMPILATION_MODE = wholemodule;
				SWIFT_ENABLE_BATCH_MODE = NO;
				SWIFT_OPTIMIZATION_LEVEL = "-O";
				VALIDATE_PRODUCT = YES;
			};
			name = Release;
		};
		BC8A782D240FC8FD004077A8 /* Debug */ = {
			isa = XCBuildConfiguration;
			buildSettings = {
				ASSETCATALOG_COMPILER_APPICON_NAME = AppIcon;
				CODE_SIGN_STYLE = Automatic;
				DEVELOPMENT_ASSET_PATHS = "\"Passer/Preview Content\"";
				DEVELOPMENT_TEAM = 64F67BZAA2;
				ENABLE_PREVIEWS = YES;
				INFOPLIST_FILE = Passer/Info.plist;
				IPHONEOS_DEPLOYMENT_TARGET = 14.1;
				LD_RUNPATH_SEARCH_PATHS = (
					"$(inherited)",
					"@executable_path/Frameworks",
				);
				PRODUCT_BUNDLE_IDENTIFIER = pswdmngr.Passer;
				PRODUCT_NAME = "$(TARGET_NAME)";
				SWIFT_VERSION = 5.0;
				TARGETED_DEVICE_FAMILY = "1,2";
			};
			name = Debug;
		};
		BC8A782E240FC8FD004077A8 /* Release */ = {
			isa = XCBuildConfiguration;
			buildSettings = {
				ASSETCATALOG_COMPILER_APPICON_NAME = AppIcon;
				CODE_SIGN_STYLE = Automatic;
				DEVELOPMENT_ASSET_PATHS = "\"Passer/Preview Content\"";
				DEVELOPMENT_TEAM = 64F67BZAA2;
				ENABLE_PREVIEWS = YES;
				INFOPLIST_FILE = Passer/Info.plist;
				IPHONEOS_DEPLOYMENT_TARGET = 14.1;
				LD_RUNPATH_SEARCH_PATHS = (
					"$(inherited)",
					"@executable_path/Frameworks",
				);
				PRODUCT_BUNDLE_IDENTIFIER = pswdmngr.Passer;
				PRODUCT_NAME = "$(TARGET_NAME)";
				SWIFT_VERSION = 5.0;
				TARGETED_DEVICE_FAMILY = "1,2";
			};
			name = Release;
		};
		BC8A783C240FD2ED004077A8 /* Debug */ = {
			isa = XCBuildConfiguration;
			buildSettings = {
				CODE_SIGN_IDENTITY = "-";
				CODE_SIGN_STYLE = Automatic;
				MACOSX_DEPLOYMENT_TARGET = 10.15;
				PRODUCT_NAME = "$(TARGET_NAME)";
				SDKROOT = macosx;
				SWIFT_VERSION = 5.0;
			};
			name = Debug;
		};
		BC8A783D240FD2ED004077A8 /* Release */ = {
			isa = XCBuildConfiguration;
			buildSettings = {
				CODE_SIGN_IDENTITY = "-";
				CODE_SIGN_STYLE = Automatic;
				MACOSX_DEPLOYMENT_TARGET = 10.15;
				PRODUCT_NAME = "$(TARGET_NAME)";
				SDKROOT = macosx;
				SWIFT_VERSION = 5.0;
			};
			name = Release;
		};
/* End XCBuildConfiguration section */

/* Begin XCConfigurationList section */
		BC8A7813240FC8FB004077A8 /* Build configuration list for PBXProject "Passer" */ = {
			isa = XCConfigurationList;
			buildConfigurations = (
				BC8A782A240FC8FD004077A8 /* Debug */,
				BC8A782B240FC8FD004077A8 /* Release */,
			);
			defaultConfigurationIsVisible = 0;
			defaultConfigurationName = Release;
		};
		BC8A782C240FC8FD004077A8 /* Build configuration list for PBXNativeTarget "Passer" */ = {
			isa = XCConfigurationList;
			buildConfigurations = (
				BC8A782D240FC8FD004077A8 /* Debug */,
				BC8A782E240FC8FD004077A8 /* Release */,
			);
			defaultConfigurationIsVisible = 0;
			defaultConfigurationName = Release;
		};
		BC8A783B240FD2ED004077A8 /* Build configuration list for PBXNativeTarget "test" */ = {
			isa = XCConfigurationList;
			buildConfigurations = (
				BC8A783C240FD2ED004077A8 /* Debug */,
				BC8A783D240FD2ED004077A8 /* Release */,
			);
			defaultConfigurationIsVisible = 0;
			defaultConfigurationName = Release;
		};
/* End XCConfigurationList section */

/* Begin XCRemoteSwiftPackageReference section */
		BC6EA52324742EEF00AC543C /* XCRemoteSwiftPackageReference "CodeScanner" */ = {
			isa = XCRemoteSwiftPackageReference;
			repositoryURL = "https://github.com/twostraws/CodeScanner";
			requirement = {
				kind = upToNextMajorVersion;
				minimumVersion = 1.0.6;
			};
		};
/* End XCRemoteSwiftPackageReference section */

/* Begin XCSwiftPackageProductDependency section */
		BC6EA52424742EEF00AC543C /* CodeScanner */ = {
			isa = XCSwiftPackageProductDependency;
			package = BC6EA52324742EEF00AC543C /* XCRemoteSwiftPackageReference "CodeScanner" */;
			productName = CodeScanner;
		};
/* End XCSwiftPackageProductDependency section */
	};
	rootObject = BC8A7810240FC8FB004077A8 /* Project object */;
}
