// !$*UTF8*$!
{
	archiveVersion = 1;
	classes = {
	};
	objectVersion = 50;
	objects = {

/* Begin PBXBuildFile section */
		BC0D5937241A395800DAF9BD /* SixdigitCode.swift in Sources */ = {isa = PBXBuildFile; fileRef = BC0D5936241A395800DAF9BD /* SixdigitCode.swift */; };
		BC808AF22433F61400EF8EB5 /* Networking.swift in Sources */ = {isa = PBXBuildFile; fileRef = BC808AF12433F61400EF8EB5 /* Networking.swift */; };
		BC8A781C240FC8FB004077A8 /* AppDelegate.swift in Sources */ = {isa = PBXBuildFile; fileRef = BC8A781B240FC8FB004077A8 /* AppDelegate.swift */; };
		BC8A781E240FC8FB004077A8 /* SceneDelegate.swift in Sources */ = {isa = PBXBuildFile; fileRef = BC8A781D240FC8FB004077A8 /* SceneDelegate.swift */; };
		BC8A7820240FC8FB004077A8 /* ContentView.swift in Sources */ = {isa = PBXBuildFile; fileRef = BC8A781F240FC8FB004077A8 /* ContentView.swift */; };
		BC8A7822240FC8FD004077A8 /* Assets.xcassets in Resources */ = {isa = PBXBuildFile; fileRef = BC8A7821240FC8FD004077A8 /* Assets.xcassets */; };
		BC8A7830240FCA5E004077A8 /* Password.swift in Sources */ = {isa = PBXBuildFile; fileRef = BC8A782F240FCA5E004077A8 /* Password.swift */; };
		BC8A783A240FD2ED004077A8 /* main.swift in Sources */ = {isa = PBXBuildFile; fileRef = BC8A7839240FD2ED004077A8 /* main.swift */; };
		BC8A783F240FE11D004077A8 /* Vault.swift in Sources */ = {isa = PBXBuildFile; fileRef = BC8A783E240FE11D004077A8 /* Vault.swift */; };
		BCB4F63F243C9F0D00174E7E /* ButtonUI.swift in Sources */ = {isa = PBXBuildFile; fileRef = BCB4F63E243C9F0D00174E7E /* ButtonUI.swift */; };
		BCB6F4A8242CF2C9007E84EF /* httppost.swift in Sources */ = {isa = PBXBuildFile; fileRef = BCB6F4A7242CF2C9007E84EF /* httppost.swift */; };
		BCB6F4AA242CF4AB007E84EF /* crypto.swift in Sources */ = {isa = PBXBuildFile; fileRef = BCB6F4A9242CF4AB007E84EF /* crypto.swift */; };
		BCC7514C243E2EFA00D3F099 /* OutsiderView.swift in Sources */ = {isa = PBXBuildFile; fileRef = BCC7514B243E2EFA00D3F099 /* OutsiderView.swift */; };
		BCC75150243F929200D3F099 /* OptionSixdigit.swift in Sources */ = {isa = PBXBuildFile; fileRef = BCC7514F243F929200D3F099 /* OptionSixdigit.swift */; };
		BCC75152243F93AC00D3F099 /* OptionQR.swift in Sources */ = {isa = PBXBuildFile; fileRef = BCC75151243F93AC00D3F099 /* OptionQR.swift */; };
		BCC7515A24400D4C00D3F099 /* CodeCountdownView.swift in Sources */ = {isa = PBXBuildFile; fileRef = BCC7515924400D4C00D3F099 /* CodeCountdownView.swift */; };
		BCC7515C24401B9500D3F099 /* TimeDelta.swift in Sources */ = {isa = PBXBuildFile; fileRef = BCC7515B24401B9500D3F099 /* TimeDelta.swift */; };
		BCF351FE244A631500E7A03F /* InternetConnectivithy.swift in Sources */ = {isa = PBXBuildFile; fileRef = BCF351FD244A631500E7A03F /* InternetConnectivithy.swift */; };
/* End PBXBuildFile section */

/* Begin PBXCopyFilesBuildPhase section */
		BC8A7835240FD2ED004077A8 /* CopyFiles */ = {
			isa = PBXCopyFilesBuildPhase;
			buildActionMask = 2147483647;
			dstPath = /usr/share/man/man1/;
			dstSubfolderSpec = 0;
			files = (
			);
			runOnlyForDeploymentPostprocessing = 1;
		};
/* End PBXCopyFilesBuildPhase section */

/* Begin PBXFileReference section */
		BC0D5936241A395800DAF9BD /* SixdigitCode.swift */ = {isa = PBXFileReference; lastKnownFileType = sourcecode.swift; path = SixdigitCode.swift; sourceTree = "<group>"; };
		BC808AF12433F61400EF8EB5 /* Networking.swift */ = {isa = PBXFileReference; lastKnownFileType = sourcecode.swift; path = Networking.swift; sourceTree = "<group>"; };
		BC8A7818240FC8FB004077A8 /* Passer.app */ = {isa = PBXFileReference; explicitFileType = wrapper.application; includeInIndex = 0; path = Passer.app; sourceTree = BUILT_PRODUCTS_DIR; };
		BC8A781B240FC8FB004077A8 /* AppDelegate.swift */ = {isa = PBXFileReference; lastKnownFileType = sourcecode.swift; path = AppDelegate.swift; sourceTree = "<group>"; };
		BC8A781D240FC8FB004077A8 /* SceneDelegate.swift */ = {isa = PBXFileReference; lastKnownFileType = sourcecode.swift; path = SceneDelegate.swift; sourceTree = "<group>"; };
		BC8A781F240FC8FB004077A8 /* ContentView.swift */ = {isa = PBXFileReference; lastKnownFileType = sourcecode.swift; path = ContentView.swift; sourceTree = "<group>"; };
		BC8A7821240FC8FD004077A8 /* Assets.xcassets */ = {isa = PBXFileReference; lastKnownFileType = folder.assetcatalog; path = Assets.xcassets; sourceTree = "<group>"; };
		BC8A7829240FC8FD004077A8 /* Info.plist */ = {isa = PBXFileReference; lastKnownFileType = text.plist.xml; path = Info.plist; sourceTree = "<group>"; };
		BC8A782F240FCA5E004077A8 /* Password.swift */ = {isa = PBXFileReference; lastKnownFileType = sourcecode.swift; path = Password.swift; sourceTree = "<group>"; };
		BC8A7837240FD2ED004077A8 /* test */ = {isa = PBXFileReference; explicitFileType = "compiled.mach-o.executable"; includeInIndex = 0; path = test; sourceTree = BUILT_PRODUCTS_DIR; };
		BC8A7839240FD2ED004077A8 /* main.swift */ = {isa = PBXFileReference; lastKnownFileType = sourcecode.swift; path = main.swift; sourceTree = "<group>"; };
		BC8A783E240FE11D004077A8 /* Vault.swift */ = {isa = PBXFileReference; lastKnownFileType = sourcecode.swift; path = Vault.swift; sourceTree = "<group>"; };
		BCB4F63E243C9F0D00174E7E /* ButtonUI.swift */ = {isa = PBXFileReference; lastKnownFileType = sourcecode.swift; path = ButtonUI.swift; sourceTree = "<group>"; };
		BCB6F4A7242CF2C9007E84EF /* httppost.swift */ = {isa = PBXFileReference; lastKnownFileType = sourcecode.swift; path = httppost.swift; sourceTree = "<group>"; };
		BCB6F4A9242CF4AB007E84EF /* crypto.swift */ = {isa = PBXFileReference; lastKnownFileType = sourcecode.swift; path = crypto.swift; sourceTree = "<group>"; };
		BCC7514B243E2EFA00D3F099 /* OutsiderView.swift */ = {isa = PBXFileReference; lastKnownFileType = sourcecode.swift; path = OutsiderView.swift; sourceTree = "<group>"; };
		BCC7514F243F929200D3F099 /* OptionSixdigit.swift */ = {isa = PBXFileReference; lastKnownFileType = sourcecode.swift; path = OptionSixdigit.swift; sourceTree = "<group>"; };
		BCC75151243F93AC00D3F099 /* OptionQR.swift */ = {isa = PBXFileReference; lastKnownFileType = sourcecode.swift; path = OptionQR.swift; sourceTree = "<group>"; };
		BCC7515924400D4C00D3F099 /* CodeCountdownView.swift */ = {isa = PBXFileReference; lastKnownFileType = sourcecode.swift; path = CodeCountdownView.swift; sourceTree = "<group>"; };
		BCC7515B24401B9500D3F099 /* TimeDelta.swift */ = {isa = PBXFileReference; lastKnownFileType = sourcecode.swift; path = TimeDelta.swift; sourceTree = "<group>"; };
		BCF351FD244A631500E7A03F /* InternetConnectivithy.swift */ = {isa = PBXFileReference; lastKnownFileType = sourcecode.swift; path = InternetConnectivithy.swift; sourceTree = "<group>"; };
/* End PBXFileReference section */

/* Begin PBXFrameworksBuildPhase section */
		BC8A7815240FC8FB004077A8 /* Frameworks */ = {
			isa = PBXFrameworksBuildPhase;
			buildActionMask = 2147483647;
			files = (
			);
			runOnlyForDeploymentPostprocessing = 0;
		};
		BC8A7834240FD2ED004077A8 /* Frameworks */ = {
			isa = PBXFrameworksBuildPhase;
			buildActionMask = 2147483647;
			files = (
			);
			runOnlyForDeploymentPostprocessing = 0;
		};
/* End PBXFrameworksBuildPhase section */

/* Begin PBXGroup section */
		BC8A780F240FC8FB004077A8 = {
			isa = PBXGroup;
			children = (
				BC8A781A240FC8FB004077A8 /* Passer */,
				BC8A7838240FD2ED004077A8 /* test */,
				BC8A7819240FC8FB004077A8 /* Products */,
			);
			sourceTree = "<group>";
		};
		BC8A7819240FC8FB004077A8 /* Products */ = {
			isa = PBXGroup;
			children = (
				BC8A7818240FC8FB004077A8 /* Passer.app */,
				BC8A7837240FD2ED004077A8 /* test */,
			);
			name = Products;
			sourceTree = "<group>";
		};
		BC8A781A240FC8FB004077A8 /* Passer */ = {
			isa = PBXGroup;
			children = (
				BCEED3A6244A615200E6C0A3 /* App structure */,
				BCEED3A5244A612D00E6C0A3 /* User Interface */,
				BC8A781B240FC8FB004077A8 /* AppDelegate.swift */,
				BC8A781D240FC8FB004077A8 /* SceneDelegate.swift */,
				BC8A7829240FC8FD004077A8 /* Info.plist */,
			);
			path = Passer;
			sourceTree = "<group>";
		};
		BC8A7838240FD2ED004077A8 /* test */ = {
			isa = PBXGroup;
			children = (
				BC8A7839240FD2ED004077A8 /* main.swift */,
				BCB6F4A9242CF4AB007E84EF /* crypto.swift */,
				BCB6F4A7242CF2C9007E84EF /* httppost.swift */,
			);
			path = test;
			sourceTree = "<group>";
		};
		BCB4F63D243C9D9B00174E7E /* Supporting Views */ = {
			isa = PBXGroup;
			children = (
				BCB4F63E243C9F0D00174E7E /* ButtonUI.swift */,
				BCC75151243F93AC00D3F099 /* OptionQR.swift */,
				BCC7514F243F929200D3F099 /* OptionSixdigit.swift */,
				BCC7515924400D4C00D3F099 /* CodeCountdownView.swift */,
			);
			path = "Supporting Views";
			sourceTree = "<group>";
		};
		BCEED3A5244A612D00E6C0A3 /* User Interface */ = {
			isa = PBXGroup;
			children = (
				BCB4F63D243C9D9B00174E7E /* Supporting Views */,
				BC8A7821240FC8FD004077A8 /* Assets.xcassets */,
				BCC7514B243E2EFA00D3F099 /* OutsiderView.swift */,
				BC8A781F240FC8FB004077A8 /* ContentView.swift */,
			);
			path = "User Interface";
			sourceTree = "<group>";
		};
		BCEED3A6244A615200E6C0A3 /* App structure */ = {
			isa = PBXGroup;
			children = (
				BC0D5936241A395800DAF9BD /* SixdigitCode.swift */,
				BCC7515B24401B9500D3F099 /* TimeDelta.swift */,
				BC8A783E240FE11D004077A8 /* Vault.swift */,
				BC808AF12433F61400EF8EB5 /* Networking.swift */,
				BC8A782F240FCA5E004077A8 /* Password.swift */,
				BCF351FD244A631500E7A03F /* InternetConnectivithy.swift */,
			);
			path = "App structure";
			sourceTree = "<group>";
		};
/* End PBXGroup section */

/* Begin PBXNativeTarget section */
		BC8A7817240FC8FB004077A8 /* Passer */ = {
			isa = PBXNativeTarget;
			buildConfigurationList = BC8A782C240FC8FD004077A8 /* Build configuration list for PBXNativeTarget "Passer" */;
			buildPhases = (
				BC8A7814240FC8FB004077A8 /* Sources */,
				BC8A7815240FC8FB004077A8 /* Frameworks */,
				BC8A7816240FC8FB004077A8 /* Resources */,
			);
			buildRules = (
			);
			dependencies = (
			);
			name = Passer;
			productName = Passer;
			productReference = BC8A7818240FC8FB004077A8 /* Passer.app */;
			productType = "com.apple.product-type.application";
		};
		BC8A7836240FD2ED004077A8 /* test */ = {
			isa = PBXNativeTarget;
			buildConfigurationList = BC8A783B240FD2ED004077A8 /* Build configuration list for PBXNativeTarget "test" */;
			buildPhases = (
				BC8A7833240FD2ED004077A8 /* Sources */,
				BC8A7834240FD2ED004077A8 /* Frameworks */,
				BC8A7835240FD2ED004077A8 /* CopyFiles */,
			);
			buildRules = (
			);
			dependencies = (
			);
			name = test;
			productName = test;
			productReference = BC8A7837240FD2ED004077A8 /* test */;
			productType = "com.apple.product-type.tool";
		};
/* End PBXNativeTarget section */

/* Begin PBXProject section */
		BC8A7810240FC8FB004077A8 /* Project object */ = {
			isa = PBXProject;
			attributes = {
				LastSwiftUpdateCheck = 1130;
				LastUpgradeCheck = 1130;
				ORGANIZATIONNAME = "Peter Čuřík Jr.";
				TargetAttributes = {
					BC8A7817240FC8FB004077A8 = {
						CreatedOnToolsVersion = 11.3.1;
					};
					BC8A7836240FD2ED004077A8 = {
						CreatedOnToolsVersion = 11.3.1;
					};
				};
			};
			buildConfigurationList = BC8A7813240FC8FB004077A8 /* Build configuration list for PBXProject "Passer" */;
			compatibilityVersion = "Xcode 9.3";
			developmentRegion = en;
			hasScannedForEncodings = 0;
			knownRegions = (
				en,
				Base,
			);
			mainGroup = BC8A780F240FC8FB004077A8;
			productRefGroup = BC8A7819240FC8FB004077A8 /* Products */;
			projectDirPath = "";
			projectRoot = "";
			targets = (
				BC8A7817240FC8FB004077A8 /* Passer */,
				BC8A7836240FD2ED004077A8 /* test */,
			);
		};
/* End PBXProject section */

/* Begin PBXResourcesBuildPhase section */
		BC8A7816240FC8FB004077A8 /* Resources */ = {
			isa = PBXResourcesBuildPhase;
			buildActionMask = 2147483647;
			files = (
				BC8A7822240FC8FD004077A8 /* Assets.xcassets in Resources */,
			);
			runOnlyForDeploymentPostprocessing = 0;
		};
/* End PBXResourcesBuildPhase section */

/* Begin PBXSourcesBuildPhase section */
		BC8A7814240FC8FB004077A8 /* Sources */ = {
			isa = PBXSourcesBuildPhase;
			buildActionMask = 2147483647;
			files = (
				BC8A7830240FCA5E004077A8 /* Password.swift in Sources */,
				BC0D5937241A395800DAF9BD /* SixdigitCode.swift in Sources */,
				BC8A781C240FC8FB004077A8 /* AppDelegate.swift in Sources */,
				BCB4F63F243C9F0D00174E7E /* ButtonUI.swift in Sources */,
				BCC7515C24401B9500D3F099 /* TimeDelta.swift in Sources */,
				BC8A781E240FC8FB004077A8 /* SceneDelegate.swift in Sources */,
				BCC7515A24400D4C00D3F099 /* CodeCountdownView.swift in Sources */,
				BCC75150243F929200D3F099 /* OptionSixdigit.swift in Sources */,
				BC8A7820240FC8FB004077A8 /* ContentView.swift in Sources */,
				BC8A783F240FE11D004077A8 /* Vault.swift in Sources */,
				BCF351FE244A631500E7A03F /* InternetConnectivithy.swift in Sources */,
				BCC75152243F93AC00D3F099 /* OptionQR.swift in Sources */,
				BCC7514C243E2EFA00D3F099 /* OutsiderView.swift in Sources */,
				BC808AF22433F61400EF8EB5 /* Networking.swift in Sources */,
			);
			runOnlyForDeploymentPostprocessing = 0;
		};
		BC8A7833240FD2ED004077A8 /* Sources */ = {
			isa = PBXSourcesBuildPhase;
			buildActionMask = 2147483647;
			files = (
				BC8A783A240FD2ED004077A8 /* main.swift in Sources */,
				BCB6F4AA242CF4AB007E84EF /* crypto.swift in Sources */,
				BCB6F4A8242CF2C9007E84EF /* httppost.swift in Sources */,
			);
			runOnlyForDeploymentPostprocessing = 0;
		};
/* End PBXSourcesBuildPhase section */

/* Begin XCBuildConfiguration section */
		BC8A782A240FC8FD004077A8 /* Debug */ = {
			isa = XCBuildConfiguration;
			buildSettings = {
				ALWAYS_SEARCH_USER_PATHS = NO;
				CLANG_ANALYZER_NONNULL = YES;
				CLANG_ANALYZER_NUMBER_OBJECT_CONVERSION = YES_AGGRESSIVE;
				CLANG_CXX_LANGUAGE_STANDARD = "gnu++14";
				CLANG_CXX_LIBRARY = "libc++";
				CLANG_ENABLE_MODULES = YES;
				CLANG_ENABLE_OBJC_ARC = YES;
				CLANG_ENABLE_OBJC_WEAK = YES;
				CLANG_WARN_BLOCK_CAPTURE_AUTORELEASING = YES;
				CLANG_WARN_BOOL_CONVERSION = YES;
				CLANG_WARN_COMMA = YES;
				CLANG_WARN_CONSTANT_CONVERSION = YES;
				CLANG_WARN_DEPRECATED_OBJC_IMPLEMENTATIONS = YES;
				CLANG_WARN_DIRECT_OBJC_ISA_USAGE = YES_ERROR;
				CLANG_WARN_DOCUMENTATION_COMMENTS = YES;
				CLANG_WARN_EMPTY_BODY = YES;
				CLANG_WARN_ENUM_CONVERSION = YES;
				CLANG_WARN_INFINITE_RECURSION = YES;
				CLANG_WARN_INT_CONVERSION = YES;
				CLANG_WARN_NON_LITERAL_NULL_CONVERSION = YES;
				CLANG_WARN_OBJC_IMPLICIT_RETAIN_SELF = YES;
				CLANG_WARN_OBJC_LITERAL_CONVERSION = YES;
				CLANG_WARN_OBJC_ROOT_CLASS = YES_ERROR;
				CLANG_WARN_RANGE_LOOP_ANALYSIS = YES;
				CLANG_WARN_STRICT_PROTOTYPES = YES;
				CLANG_WARN_SUSPICIOUS_MOVE = YES;
				CLANG_WARN_UNGUARDED_AVAILABILITY = YES_AGGRESSIVE;
				CLANG_WARN_UNREACHABLE_CODE = YES;
				CLANG_WARN__DUPLICATE_METHOD_MATCH = YES;
				COPY_PHASE_STRIP = NO;
				DEBUG_INFORMATION_FORMAT = dwarf;
				ENABLE_STRICT_OBJC_MSGSEND = YES;
				ENABLE_TESTABILITY = YES;
				GCC_C_LANGUAGE_STANDARD = gnu11;
				GCC_DYNAMIC_NO_PIC = NO;
				GCC_NO_COMMON_BLOCKS = YES;
				GCC_OPTIMIZATION_LEVEL = 0;
				GCC_PREPROCESSOR_DEFINITIONS = (
					"DEBUG=1",
					"$(inherited)",
				);
				GCC_WARN_64_TO_32_BIT_CONVERSION = YES;
				GCC_WARN_ABOUT_RETURN_TYPE = YES_ERROR;
				GCC_WARN_UNDECLARED_SELECTOR = YES;
				GCC_WARN_UNINITIALIZED_AUTOS = YES_AGGRESSIVE;
				GCC_WARN_UNUSED_FUNCTION = YES;
				GCC_WARN_UNUSED_VARIABLE = YES;
				IPHONEOS_DEPLOYMENT_TARGET = 13.2;
				MTL_ENABLE_DEBUG_INFO = INCLUDE_SOURCE;
				MTL_FAST_MATH = YES;
				ONLY_ACTIVE_ARCH = YES;
				SDKROOT = iphoneos;
				SWIFT_ACTIVE_COMPILATION_CONDITIONS = DEBUG;
				SWIFT_OPTIMIZATION_LEVEL = "-Onone";
			};
			name = Debug;
		};
		BC8A782B240FC8FD004077A8 /* Release */ = {
			isa = XCBuildConfiguration;
			buildSettings = {
				ALWAYS_SEARCH_USER_PATHS = NO;
				CLANG_ANALYZER_NONNULL = YES;
				CLANG_ANALYZER_NUMBER_OBJECT_CONVERSION = YES_AGGRESSIVE;
				CLANG_CXX_LANGUAGE_STANDARD = "gnu++14";
				CLANG_CXX_LIBRARY = "libc++";
				CLANG_ENABLE_MODULES = YES;
				CLANG_ENABLE_OBJC_ARC = YES;
				CLANG_ENABLE_OBJC_WEAK = YES;
				CLANG_WARN_BLOCK_CAPTURE_AUTORELEASING = YES;
				CLANG_WARN_BOOL_CONVERSION = YES;
				CLANG_WARN_COMMA = YES;
				CLANG_WARN_CONSTANT_CONVERSION = YES;
				CLANG_WARN_DEPRECATED_OBJC_IMPLEMENTATIONS = YES;
				CLANG_WARN_DIRECT_OBJC_ISA_USAGE = YES_ERROR;
				CLANG_WARN_DOCUMENTATION_COMMENTS = YES;
				CLANG_WARN_EMPTY_BODY = YES;
				CLANG_WARN_ENUM_CONVERSION = YES;
				CLANG_WARN_INFINITE_RECURSION = YES;
				CLANG_WARN_INT_CONVERSION = YES;
				CLANG_WARN_NON_LITERAL_NULL_CONVERSION = YES;
				CLANG_WARN_OBJC_IMPLICIT_RETAIN_SELF = YES;
				CLANG_WARN_OBJC_LITERAL_CONVERSION = YES;
				CLANG_WARN_OBJC_ROOT_CLASS = YES_ERROR;
				CLANG_WARN_RANGE_LOOP_ANALYSIS = YES;
				CLANG_WARN_STRICT_PROTOTYPES = YES;
				CLANG_WARN_SUSPICIOUS_MOVE = YES;
				CLANG_WARN_UNGUARDED_AVAILABILITY = YES_AGGRESSIVE;
				CLANG_WARN_UNREACHABLE_CODE = YES;
				CLANG_WARN__DUPLICATE_METHOD_MATCH = YES;
				COPY_PHASE_STRIP = NO;
				DEBUG_INFORMATION_FORMAT = "dwarf-with-dsym";
				ENABLE_NS_ASSERTIONS = NO;
				ENABLE_STRICT_OBJC_MSGSEND = YES;
				GCC_C_LANGUAGE_STANDARD = gnu11;
				GCC_NO_COMMON_BLOCKS = YES;
				GCC_WARN_64_TO_32_BIT_CONVERSION = YES;
				GCC_WARN_ABOUT_RETURN_TYPE = YES_ERROR;
				GCC_WARN_UNDECLARED_SELECTOR = YES;
				GCC_WARN_UNINITIALIZED_AUTOS = YES_AGGRESSIVE;
				GCC_WARN_UNUSED_FUNCTION = YES;
				GCC_WARN_UNUSED_VARIABLE = YES;
				IPHONEOS_DEPLOYMENT_TARGET = 13.2;
				MTL_ENABLE_DEBUG_INFO = NO;
				MTL_FAST_MATH = YES;
				SDKROOT = iphoneos;
				SWIFT_COMPILATION_MODE = wholemodule;
				SWIFT_OPTIMIZATION_LEVEL = "-O";
				VALIDATE_PRODUCT = YES;
			};
			name = Release;
		};
		BC8A782D240FC8FD004077A8 /* Debug */ = {
			isa = XCBuildConfiguration;
			buildSettings = {
				ASSETCATALOG_COMPILER_APPICON_NAME = AppIcon;
				CODE_SIGN_STYLE = Automatic;
				DEVELOPMENT_ASSET_PATHS = "\"Passer/Preview Content\"";
				DEVELOPMENT_TEAM = 64F67BZAA2;
				ENABLE_PREVIEWS = YES;
				INFOPLIST_FILE = Passer/Info.plist;
				LD_RUNPATH_SEARCH_PATHS = (
					"$(inherited)",
					"@executable_path/Frameworks",
				);
				PRODUCT_BUNDLE_IDENTIFIER = pswdmngr.Passer;
				PRODUCT_NAME = "$(TARGET_NAME)";
				SWIFT_VERSION = 5.0;
				TARGETED_DEVICE_FAMILY = "1,2";
			};
			name = Debug;
		};
		BC8A782E240FC8FD004077A8 /* Release */ = {
			isa = XCBuildConfiguration;
			buildSettings = {
				ASSETCATALOG_COMPILER_APPICON_NAME = AppIcon;
				CODE_SIGN_STYLE = Automatic;
				DEVELOPMENT_ASSET_PATHS = "\"Passer/Preview Content\"";
				DEVELOPMENT_TEAM = 64F67BZAA2;
				ENABLE_PREVIEWS = YES;
				INFOPLIST_FILE = Passer/Info.plist;
				LD_RUNPATH_SEARCH_PATHS = (
					"$(inherited)",
					"@executable_path/Frameworks",
				);
				PRODUCT_BUNDLE_IDENTIFIER = pswdmngr.Passer;
				PRODUCT_NAME = "$(TARGET_NAME)";
				SWIFT_VERSION = 5.0;
				TARGETED_DEVICE_FAMILY = "1,2";
			};
			name = Release;
		};
		BC8A783C240FD2ED004077A8 /* Debug */ = {
			isa = XCBuildConfiguration;
			buildSettings = {
				CODE_SIGN_STYLE = Automatic;
				MACOSX_DEPLOYMENT_TARGET = 10.15;
				PRODUCT_NAME = "$(TARGET_NAME)";
				SDKROOT = macosx;
				SWIFT_VERSION = 5.0;
			};
			name = Debug;
		};
		BC8A783D240FD2ED004077A8 /* Release */ = {
			isa = XCBuildConfiguration;
			buildSettings = {
				CODE_SIGN_STYLE = Automatic;
				MACOSX_DEPLOYMENT_TARGET = 10.15;
				PRODUCT_NAME = "$(TARGET_NAME)";
				SDKROOT = macosx;
				SWIFT_VERSION = 5.0;
			};
			name = Release;
		};
/* End XCBuildConfiguration section */

/* Begin XCConfigurationList section */
		BC8A7813240FC8FB004077A8 /* Build configuration list for PBXProject "Passer" */ = {
			isa = XCConfigurationList;
			buildConfigurations = (
				BC8A782A240FC8FD004077A8 /* Debug */,
				BC8A782B240FC8FD004077A8 /* Release */,
			);
			defaultConfigurationIsVisible = 0;
			defaultConfigurationName = Release;
		};
		BC8A782C240FC8FD004077A8 /* Build configuration list for PBXNativeTarget "Passer" */ = {
			isa = XCConfigurationList;
			buildConfigurations = (
				BC8A782D240FC8FD004077A8 /* Debug */,
				BC8A782E240FC8FD004077A8 /* Release */,
			);
			defaultConfigurationIsVisible = 0;
			defaultConfigurationName = Release;
		};
		BC8A783B240FD2ED004077A8 /* Build configuration list for PBXNativeTarget "test" */ = {
			isa = XCConfigurationList;
			buildConfigurations = (
				BC8A783C240FD2ED004077A8 /* Debug */,
				BC8A783D240FD2ED004077A8 /* Release */,
			);
			defaultConfigurationIsVisible = 0;
			defaultConfigurationName = Release;
		};
/* End XCConfigurationList section */
	};
	rootObject = BC8A7810240FC8FB004077A8 /* Project object */;
}
